
Microsoft Visual Studio Solution File, Format Version 12.00
# Visual Studio Version 16
VisualStudioVersion = 16.0.31515.178
MinimumVisualStudioVersion = 10.0.40219.1
Project("{9A19103F-16F7-4668-BE54-9A1E7A4F7556}") = "MovieShopMVC", "MovieShopMVC\MovieShopMVC.csproj", "{70CD6714-9CC5-471B-8B06-9E31012BD5C4}"
EndProject
Project("{9A19103F-16F7-4668-BE54-9A1E7A4F7556}") = "Infrastructure", "Infrastructure\Infrastructure.csproj", "{69ABBBE0-9804-4177-A326-9D38249C6A9B}"
EndProject
Project("{9A19103F-16F7-4668-BE54-9A1E7A4F7556}") = "ApplicationCore", "ApplicationCore\ApplicationCore.csproj", "{EB61606B-A8A4-4D32-BF53-FDD444F3FB2C}"
EndProject
Project("{FAE04EC0-301F-11D3-BF4B-00C04F79EFBC}") = "MovieShopAPI", "MovieShopAPI\MovieShopAPI.csproj", "{DC00708D-BDF0-4673-855C-D6EAB4E7F916}"
EndProject
Global
	GlobalSection(SolutionConfigurationPlatforms) = preSolution
		Debug|Any CPU = Debug|Any CPU
		Release|Any CPU = Release|Any CPU
	EndGlobalSection
	GlobalSection(ProjectConfigurationPlatforms) = postSolution
		{70CD6714-9CC5-471B-8B06-9E31012BD5C4}.Debug|Any CPU.ActiveCfg = Debug|Any CPU
		{70CD6714-9CC5-471B-8B06-9E31012BD5C4}.Debug|Any CPU.Build.0 = Debug|Any CPU
		{70CD6714-9CC5-471B-8B06-9E31012BD5C4}.Release|Any CPU.ActiveCfg = Release|Any CPU
		{70CD6714-9CC5-471B-8B06-9E31012BD5C4}.Release|Any CPU.Build.0 = Release|Any CPU
		{69ABBBE0-9804-4177-A326-9D38249C6A9B}.Debug|Any CPU.ActiveCfg = Debug|Any CPU
		{69ABBBE0-9804-4177-A326-9D38249C6A9B}.Debug|Any CPU.Build.0 = Debug|Any CPU
		{69ABBBE0-9804-4177-A326-9D38249C6A9B}.Release|Any CPU.ActiveCfg = Release|Any CPU
		{69ABBBE0-9804-4177-A326-9D38249C6A9B}.Release|Any CPU.Build.0 = Release|Any CPU
		{EB61606B-A8A4-4D32-BF53-FDD444F3FB2C}.Debug|Any CPU.ActiveCfg = Debug|Any CPU
		{EB61606B-A8A4-4D32-BF53-FDD444F3FB2C}.Debug|Any CPU.Build.0 = Debug|Any CPU
		{EB61606B-A8A4-4D32-BF53-FDD444F3FB2C}.Release|Any CPU.ActiveCfg = Release|Any CPU
		{EB61606B-A8A4-4D32-BF53-FDD444F3FB2C}.Release|Any CPU.Build.0 = Release|Any CPU
		{DC00708D-BDF0-4673-855C-D6EAB4E7F916}.Debug|Any CPU.ActiveCfg = Debug|Any CPU
		{DC00708D-BDF0-4673-855C-D6EAB4E7F916}.Debug|Any CPU.Build.0 = Debug|Any CPU
		{DC00708D-BDF0-4673-855C-D6EAB4E7F916}.Release|Any CPU.ActiveCfg = Release|Any CPU
		{DC00708D-BDF0-4673-855C-D6EAB4E7F916}.Release|Any CPU.Build.0 = Release|Any CPU
	EndGlobalSection
	GlobalSection(SolutionProperties) = preSolution
		HideSolutionNode = FALSE
	EndGlobalSection
	GlobalSection(ExtensibilityGlobals) = postSolution
		SolutionGuid = {D076C71F-97EF-458E-8717-088E5AB24CC8}
	EndGlobalSection
EndGlobal
